
Microsoft Visual Studio Solution File, Format Version 12.00
# Visual Studio Version 17
VisualStudioVersion = 17.3.32922.545
MinimumVisualStudioVersion = 10.0.40219.1
Project("{FAE04EC0-301F-11D3-BF4B-00C04F79EFBC}") = "Schiavone.XrmToolBox.CloneUserSetup", "Schiavone.XrmToolBox.CloneUserSetup\Schiavone.XrmToolBox.CloneUserSetup.csproj", "{9BF226FD-DE14-493F-907C-7515400FF1EC}"
EndProject
Project("{2150E333-8FDC-42A3-9474-1A3956D46DE8}") = "Solution Items", "Solution Items", "{63CF66F8-4930-4CAA-B6A6-78B7A36F6764}"
	ProjectSection(SolutionItems) = preProject
		Readme.md = Readme.md
	EndProjectSection
EndProject
Project("{2150E333-8FDC-42A3-9474-1A3956D46DE8}") = "docs", "docs", "{D66ED0E5-FA06-435C-A2BC-A36A43679E37}"
EndProject
Project("{2150E333-8FDC-42A3-9474-1A3956D46DE8}") = "img", "img", "{0C870DF1-3768-4802-A9E7-5D3A158508A4}"
	ProjectSection(SolutionItems) = preProject
		docs\img\CloneUserSetup1.png = docs\img\CloneUserSetup1.png
		Schiavone.XrmToolBox.CloneUserSetup\docs\img\CloneUserSetup2.png = Schiavone.XrmToolBox.CloneUserSetup\docs\img\CloneUserSetup2.png
		Schiavone.XrmToolBox.CloneUserSetup\docs\img\CloneUserSetup3.png = Schiavone.XrmToolBox.CloneUserSetup\docs\img\CloneUserSetup3.png
		Schiavone.XrmToolBox.CloneUserSetup\docs\img\CloneUserSetup4.png = Schiavone.XrmToolBox.CloneUserSetup\docs\img\CloneUserSetup4.png
		Schiavone.XrmToolBox.CloneUserSetup\docs\img\CloneUserSetup5.png = Schiavone.XrmToolBox.CloneUserSetup\docs\img\CloneUserSetup5.png
		docs\img\Debugging_VisualStudio.png = docs\img\Debugging_VisualStudio.png
	EndProjectSection
EndProject
Global
	GlobalSection(SolutionConfigurationPlatforms) = preSolution
		Debug|Any CPU = Debug|Any CPU
		Release|Any CPU = Release|Any CPU
	EndGlobalSection
	GlobalSection(ProjectConfigurationPlatforms) = postSolution
		{9BF226FD-DE14-493F-907C-7515400FF1EC}.Debug|Any CPU.ActiveCfg = Debug|Any CPU
		{9BF226FD-DE14-493F-907C-7515400FF1EC}.Debug|Any CPU.Build.0 = Debug|Any CPU
		{9BF226FD-DE14-493F-907C-7515400FF1EC}.Release|Any CPU.ActiveCfg = Release|Any CPU
		{9BF226FD-DE14-493F-907C-7515400FF1EC}.Release|Any CPU.Build.0 = Release|Any CPU
	EndGlobalSection
	GlobalSection(SolutionProperties) = preSolution
		HideSolutionNode = FALSE
	EndGlobalSection
	GlobalSection(NestedProjects) = preSolution
		{D66ED0E5-FA06-435C-A2BC-A36A43679E37} = {63CF66F8-4930-4CAA-B6A6-78B7A36F6764}
		{0C870DF1-3768-4802-A9E7-5D3A158508A4} = {D66ED0E5-FA06-435C-A2BC-A36A43679E37}
	EndGlobalSection
	GlobalSection(ExtensibilityGlobals) = postSolution
		SolutionGuid = {DFBCC741-7CDE-421F-82AD-BCE5A555B36C}
	EndGlobalSection
EndGlobal
