
Microsoft Visual Studio Solution File, Format Version 12.00
# Visual Studio Version 16
VisualStudioVersion = 16.0.31911.196
MinimumVisualStudioVersion = 10.0.40219.1
Project("{FAE04EC0-301F-11D3-BF4B-00C04F79EFBC}") = "Schiavone.XrmToolBox.CloneUserSetup", "Schiavone.XrmToolBox.CloneUserSetup\Schiavone.XrmToolBox.CloneUserSetup.csproj", "{9BF226FD-DE14-493F-907C-7515400FF1EC}"
EndProject
Project("{2150E333-8FDC-42A3-9474-1A3956D46DE8}") = "Solution Items", "Solution Items", "{63CF66F8-4930-4CAA-B6A6-78B7A36F6764}"
	ProjectSection(SolutionItems) = preProject
		Readme.md = Readme.md
	EndProjectSection
EndProject
Global
	GlobalSection(SolutionConfigurationPlatforms) = preSolution
		Debug|Any CPU = Debug|Any CPU
		Release|Any CPU = Release|Any CPU
	EndGlobalSection
	GlobalSection(ProjectConfigurationPlatforms) = postSolution
		{9BF226FD-DE14-493F-907C-7515400FF1EC}.Debug|Any CPU.ActiveCfg = Debug|Any CPU
		{9BF226FD-DE14-493F-907C-7515400FF1EC}.Debug|Any CPU.Build.0 = Debug|Any CPU
		{9BF226FD-DE14-493F-907C-7515400FF1EC}.Release|Any CPU.ActiveCfg = Release|Any CPU
		{9BF226FD-DE14-493F-907C-7515400FF1EC}.Release|Any CPU.Build.0 = Release|Any CPU
	EndGlobalSection
	GlobalSection(SolutionProperties) = preSolution
		HideSolutionNode = FALSE
	EndGlobalSection
	GlobalSection(ExtensibilityGlobals) = postSolution
		SolutionGuid = {DFBCC741-7CDE-421F-82AD-BCE5A555B36C}
	EndGlobalSection
EndGlobal
